
Microsoft Visual Studio Solution File, Format Version 12.00
# Visual Studio Version 16
VisualStudioVersion = 16.0.31112.23
MinimumVisualStudioVersion = 10.0.40219.1
Project("{9A19103F-16F7-4668-BE54-9A1E7A4F7556}") = "KampIntro", "KampIntro\KampIntro.csproj", "{7A2C6380-6370-4ECE-9524-9A5231D04AAE}"
EndProject
Project("{9A19103F-16F7-4668-BE54-9A1E7A4F7556}") = "Donguler", "Donguler\Donguler.csproj", "{DF88DAB0-FE4B-43CC-9EF2-108CA22A58BD}"
EndProject
Project("{9A19103F-16F7-4668-BE54-9A1E7A4F7556}") = "ClassIntro", "ClassIntro\ClassIntro.csproj", "{81E8818F-99D1-4EDD-A457-DB0061FAAC21}"
EndProject
Project("{9A19103F-16F7-4668-BE54-9A1E7A4F7556}") = "Metotlar", "Metotlar\Metotlar.csproj", "{6A9C80F1-6441-4CF3-B82C-749BC9BB6698}"
EndProject
Project("{9A19103F-16F7-4668-BE54-9A1E7A4F7556}") = "OOP1", "OOP1\OOP1.csproj", "{B0CA720A-0522-4B11-A45A-2C80EE3F113A}"
EndProject
Project("{9A19103F-16F7-4668-BE54-9A1E7A4F7556}") = "Koleksiyonlar", "Koleksiyonlar\Koleksiyonlar.csproj", "{FE068DB0-536C-4792-9A2A-1E47518E2442}"
EndProject
Project("{9A19103F-16F7-4668-BE54-9A1E7A4F7556}") = "GenericIntro", "GenericIntro\GenericIntro.csproj", "{EFC9589E-66E5-4DE6-BF9A-B7B596C9F92C}"
EndProject
Project("{9A19103F-16F7-4668-BE54-9A1E7A4F7556}") = "OOP2", "OOP2\OOP2.csproj", "{685AB0C8-BE62-40AB-850D-C78495754B5D}"
EndProject
Project("{9A19103F-16F7-4668-BE54-9A1E7A4F7556}") = "OOP3", "OOP3\OOP3.csproj", "{B942E8E1-86D7-4783-8B7D-939BA006D37C}"
EndProject
Project("{FAE04EC0-301F-11D3-BF4B-00C04F79EFBC}") = "GameProject", "GameProject\GameProject.csproj", "{B336DB5B-F177-4727-B8B5-77687DCDCD50}"
EndProject
Global
	GlobalSection(SolutionConfigurationPlatforms) = preSolution
		Debug|Any CPU = Debug|Any CPU
		Release|Any CPU = Release|Any CPU
	EndGlobalSection
	GlobalSection(ProjectConfigurationPlatforms) = postSolution
		{7A2C6380-6370-4ECE-9524-9A5231D04AAE}.Debug|Any CPU.ActiveCfg = Debug|Any CPU
		{7A2C6380-6370-4ECE-9524-9A5231D04AAE}.Debug|Any CPU.Build.0 = Debug|Any CPU
		{7A2C6380-6370-4ECE-9524-9A5231D04AAE}.Release|Any CPU.ActiveCfg = Release|Any CPU
		{7A2C6380-6370-4ECE-9524-9A5231D04AAE}.Release|Any CPU.Build.0 = Release|Any CPU
		{DF88DAB0-FE4B-43CC-9EF2-108CA22A58BD}.Debug|Any CPU.ActiveCfg = Debug|Any CPU
		{DF88DAB0-FE4B-43CC-9EF2-108CA22A58BD}.Debug|Any CPU.Build.0 = Debug|Any CPU
		{DF88DAB0-FE4B-43CC-9EF2-108CA22A58BD}.Release|Any CPU.ActiveCfg = Release|Any CPU
		{DF88DAB0-FE4B-43CC-9EF2-108CA22A58BD}.Release|Any CPU.Build.0 = Release|Any CPU
		{81E8818F-99D1-4EDD-A457-DB0061FAAC21}.Debug|Any CPU.ActiveCfg = Debug|Any CPU
		{81E8818F-99D1-4EDD-A457-DB0061FAAC21}.Debug|Any CPU.Build.0 = Debug|Any CPU
		{81E8818F-99D1-4EDD-A457-DB0061FAAC21}.Release|Any CPU.ActiveCfg = Release|Any CPU
		{81E8818F-99D1-4EDD-A457-DB0061FAAC21}.Release|Any CPU.Build.0 = Release|Any CPU
		{6A9C80F1-6441-4CF3-B82C-749BC9BB6698}.Debug|Any CPU.ActiveCfg = Debug|Any CPU
		{6A9C80F1-6441-4CF3-B82C-749BC9BB6698}.Debug|Any CPU.Build.0 = Debug|Any CPU
		{6A9C80F1-6441-4CF3-B82C-749BC9BB6698}.Release|Any CPU.ActiveCfg = Release|Any CPU
		{6A9C80F1-6441-4CF3-B82C-749BC9BB6698}.Release|Any CPU.Build.0 = Release|Any CPU
		{B0CA720A-0522-4B11-A45A-2C80EE3F113A}.Debug|Any CPU.ActiveCfg = Debug|Any CPU
		{B0CA720A-0522-4B11-A45A-2C80EE3F113A}.Debug|Any CPU.Build.0 = Debug|Any CPU
		{B0CA720A-0522-4B11-A45A-2C80EE3F113A}.Release|Any CPU.ActiveCfg = Release|Any CPU
		{B0CA720A-0522-4B11-A45A-2C80EE3F113A}.Release|Any CPU.Build.0 = Release|Any CPU
		{FE068DB0-536C-4792-9A2A-1E47518E2442}.Debug|Any CPU.ActiveCfg = Debug|Any CPU
		{FE068DB0-536C-4792-9A2A-1E47518E2442}.Debug|Any CPU.Build.0 = Debug|Any CPU
		{FE068DB0-536C-4792-9A2A-1E47518E2442}.Release|Any CPU.ActiveCfg = Release|Any CPU
		{FE068DB0-536C-4792-9A2A-1E47518E2442}.Release|Any CPU.Build.0 = Release|Any CPU
		{EFC9589E-66E5-4DE6-BF9A-B7B596C9F92C}.Debug|Any CPU.ActiveCfg = Debug|Any CPU
		{EFC9589E-66E5-4DE6-BF9A-B7B596C9F92C}.Debug|Any CPU.Build.0 = Debug|Any CPU
		{EFC9589E-66E5-4DE6-BF9A-B7B596C9F92C}.Release|Any CPU.ActiveCfg = Release|Any CPU
		{EFC9589E-66E5-4DE6-BF9A-B7B596C9F92C}.Release|Any CPU.Build.0 = Release|Any CPU
		{685AB0C8-BE62-40AB-850D-C78495754B5D}.Debug|Any CPU.ActiveCfg = Debug|Any CPU
		{685AB0C8-BE62-40AB-850D-C78495754B5D}.Debug|Any CPU.Build.0 = Debug|Any CPU
		{685AB0C8-BE62-40AB-850D-C78495754B5D}.Release|Any CPU.ActiveCfg = Release|Any CPU
		{685AB0C8-BE62-40AB-850D-C78495754B5D}.Release|Any CPU.Build.0 = Release|Any CPU
		{B942E8E1-86D7-4783-8B7D-939BA006D37C}.Debug|Any CPU.ActiveCfg = Debug|Any CPU
		{B942E8E1-86D7-4783-8B7D-939BA006D37C}.Debug|Any CPU.Build.0 = Debug|Any CPU
		{B942E8E1-86D7-4783-8B7D-939BA006D37C}.Release|Any CPU.ActiveCfg = Release|Any CPU
		{B942E8E1-86D7-4783-8B7D-939BA006D37C}.Release|Any CPU.Build.0 = Release|Any CPU
		{B336DB5B-F177-4727-B8B5-77687DCDCD50}.Debug|Any CPU.ActiveCfg = Debug|Any CPU
		{B336DB5B-F177-4727-B8B5-77687DCDCD50}.Debug|Any CPU.Build.0 = Debug|Any CPU
		{B336DB5B-F177-4727-B8B5-77687DCDCD50}.Release|Any CPU.ActiveCfg = Release|Any CPU
		{B336DB5B-F177-4727-B8B5-77687DCDCD50}.Release|Any CPU.Build.0 = Release|Any CPU
	EndGlobalSection
	GlobalSection(SolutionProperties) = preSolution
		HideSolutionNode = FALSE
	EndGlobalSection
	GlobalSection(ExtensibilityGlobals) = postSolution
		SolutionGuid = {85689D7A-3330-4357-A36F-A0BCB4081146}
	EndGlobalSection
EndGlobal
